
Microsoft Visual Studio Solution File, Format Version 12.00
# Visual Studio Version 17
VisualStudioVersion = 17.9.34616.47
MinimumVisualStudioVersion = 10.0.40219.1
Project("{FAE04EC0-301F-11D3-BF4B-00C04F79EFBC}") = "GarageLexicon", "GarageLexicon\GarageLexicon.csproj", "{1891A338-4018-4CC1-865A-AA44537724A0}"
EndProject
Global
	GlobalSection(SolutionConfigurationPlatforms) = preSolution
		Debug|Any CPU = Debug|Any CPU
		Release|Any CPU = Release|Any CPU
	EndGlobalSection
	GlobalSection(ProjectConfigurationPlatforms) = postSolution
		{1891A338-4018-4CC1-865A-AA44537724A0}.Debug|Any CPU.ActiveCfg = Debug|Any CPU
		{1891A338-4018-4CC1-865A-AA44537724A0}.Debug|Any CPU.Build.0 = Debug|Any CPU
		{1891A338-4018-4CC1-865A-AA44537724A0}.Release|Any CPU.ActiveCfg = Release|Any CPU
		{1891A338-4018-4CC1-865A-AA44537724A0}.Release|Any CPU.Build.0 = Release|Any CPU
	EndGlobalSection
	GlobalSection(SolutionProperties) = preSolution
		HideSolutionNode = FALSE
	EndGlobalSection
	GlobalSection(ExtensibilityGlobals) = postSolution
		SolutionGuid = {CDD3F51A-281C-420C-9472-9CA36E124F9F}
	EndGlobalSection
EndGlobal
